{
  "name": "dashtx",
  "version": "0.12.1",
  "lockfileVersion": 3,
  "requires": true,
  "packages": {
    "": {
      "name": "dashtx",
      "version": "0.12.1",
      "license": "SEE LICENSE IN LICENSE",
      "bin": {
        "dashtx-inspect": "bin/inspect.js"
      },
      "devDependencies": {
        "@dashincubator/secp256k1": "^1.7.1-5",
        "dashkeys": "^1.0.1",
        "zora": "^5.2.0"
      }
    },
    "node_modules/@dashincubator/secp256k1": {
      "version": "1.7.1-5",
      "dev": true,
      "license": "MIT"
    },
    "node_modules/dashkeys": {
      "version": "1.0.1",
      "dev": true,
      "license": "SEE LICENSE IN LICENSE"
    },
    "node_modules/zora": {
      "version": "5.2.0",
      "resolved": "https://registry.npmjs.org/zora/-/zora-5.2.0.tgz",
      "integrity": "sha512-FSZOvfJVfMWhk/poictNsDBCXq/Z+2Zu2peWs6d8OhWWb9nY++czw95D47hdw06L/kfjasLevwrbUtnXyWLAJw==",
      "dev": true
    }
  }
}
