{
  "name": "dashtx",
  "version": "0.10.3",
  "lockfileVersion": 2,
  "requires": true,
  "packages": {
    "": {
      "name": "dashtx",
      "version": "0.10.3",
      "license": "SEE LICENSE IN LICENSE",
      "bin": {
        "dashtx-inspect": "bin/inspect.js"
      },
      "devDependencies": {
        "@dashincubator/base58check": "^1.3.1",
        "@dashincubator/secp256k1": "^1.7.1-5",
        "dashkeys": "^1.0.1",
        "dotenv": "^16.3.1"
      }
    },
    "node_modules/@dashincubator/base58check": {
      "version": "1.3.1",
      "resolved": "https://registry.npmjs.org/@dashincubator/base58check/-/base58check-1.3.1.tgz",
      "integrity": "sha512-v2vYOwsTmbfaADJUg+0Vsw61/P5XtdDnjZtImDIC5DePIA/2lT9V+00nR5GsKfwc40WQ02tFlN+xoFt9cx+P7A==",
      "dev": true,
      "bin": {
        "base58check": "bin/base58check.js"
      }
    },
    "node_modules/@dashincubator/secp256k1": {
      "version": "1.7.1-5",
      "resolved": "https://registry.npmjs.org/@dashincubator/secp256k1/-/secp256k1-1.7.1-5.tgz",
      "integrity": "sha512-3iA+RDZrJsRFPpWhlYkp3EdoFAlKjdqkNFiRwajMrzcpA/G/IBX0AnC1pwRLkTrM+tUowcyGrkJfT03U4ETZeg==",
      "dev": true
    },
    "node_modules/dashkeys": {
      "version": "1.0.1",
      "resolved": "https://registry.npmjs.org/dashkeys/-/dashkeys-1.0.1.tgz",
      "integrity": "sha512-j19pVJEuhDlfRNLBMVqwAwT8nX75BBKXYNKzZbLXRo8x5jgXU/Aav2jcfQ9KuU4gdpsyFXOJhFwzDewJVbnOxw==",
      "dev": true
    },
    "node_modules/dotenv": {
      "version": "16.3.1",
      "resolved": "https://registry.npmjs.org/dotenv/-/dotenv-16.3.1.tgz",
      "integrity": "sha512-IPzF4w4/Rd94bA9imS68tZBaYyBWSCE47V1RGuMrB94iyTOIEwRmVL2x/4An+6mETpLrKJ5hQkB8W4kFAadeIQ==",
      "dev": true,
      "engines": {
        "node": ">=12"
      },
      "funding": {
        "url": "https://github.com/motdotla/dotenv?sponsor=1"
      }
    }
  },
  "dependencies": {
    "@dashincubator/base58check": {
      "version": "1.3.1",
      "resolved": "https://registry.npmjs.org/@dashincubator/base58check/-/base58check-1.3.1.tgz",
      "integrity": "sha512-v2vYOwsTmbfaADJUg+0Vsw61/P5XtdDnjZtImDIC5DePIA/2lT9V+00nR5GsKfwc40WQ02tFlN+xoFt9cx+P7A==",
      "dev": true
    },
    "@dashincubator/secp256k1": {
      "version": "1.7.1-5",
      "resolved": "https://registry.npmjs.org/@dashincubator/secp256k1/-/secp256k1-1.7.1-5.tgz",
      "integrity": "sha512-3iA+RDZrJsRFPpWhlYkp3EdoFAlKjdqkNFiRwajMrzcpA/G/IBX0AnC1pwRLkTrM+tUowcyGrkJfT03U4ETZeg==",
      "dev": true
    },
    "dashkeys": {
      "version": "1.0.1",
      "resolved": "https://registry.npmjs.org/dashkeys/-/dashkeys-1.0.1.tgz",
      "integrity": "sha512-j19pVJEuhDlfRNLBMVqwAwT8nX75BBKXYNKzZbLXRo8x5jgXU/Aav2jcfQ9KuU4gdpsyFXOJhFwzDewJVbnOxw==",
      "dev": true
    },
    "dotenv": {
      "version": "16.3.1",
      "resolved": "https://registry.npmjs.org/dotenv/-/dotenv-16.3.1.tgz",
      "integrity": "sha512-IPzF4w4/Rd94bA9imS68tZBaYyBWSCE47V1RGuMrB94iyTOIEwRmVL2x/4An+6mETpLrKJ5hQkB8W4kFAadeIQ==",
      "dev": true
    }
  }
}
