{
  "name": "@dashtx",
  "version": "0.9.0-3",
  "lockfileVersion": 2,
  "requires": true,
  "packages": {
    "": {
      "name": "@dashtx",
      "version": "0.9.0-3",
      "license": "SEE LICENSE IN LICENSE",
      "bin": {
        "dashtx-inspect": "bin/inspect.js"
      },
      "devDependencies": {
        "@dashincubator/base58check": "^1.3.1",
        "@dashincubator/secp256k1": "^1.7.1-1"
      }
    },
    "node_modules/@dashincubator/base58check": {
      "version": "1.3.1",
      "resolved": "https://registry.npmjs.org/@dashincubator/base58check/-/base58check-1.3.1.tgz",
      "integrity": "sha512-v2vYOwsTmbfaADJUg+0Vsw61/P5XtdDnjZtImDIC5DePIA/2lT9V+00nR5GsKfwc40WQ02tFlN+xoFt9cx+P7A==",
      "dev": true,
      "bin": {
        "base58check": "bin/base58check.js"
      }
    },
    "node_modules/@dashincubator/secp256k1": {
      "version": "1.7.1-1",
      "resolved": "https://registry.npmjs.org/@dashincubator/secp256k1/-/secp256k1-1.7.1-1.tgz",
      "integrity": "sha512-zkCfHPiIBWkSHojMEVBGNi9y9vX0NHGxkwO5zdZVlhbiqpWGOPbFRbUIwbEFdlnx4tS2x8w8InNzl36qVYWsGg==",
      "dev": true
    }
  },
  "dependencies": {
    "@dashincubator/base58check": {
      "version": "1.3.1",
      "resolved": "https://registry.npmjs.org/@dashincubator/base58check/-/base58check-1.3.1.tgz",
      "integrity": "sha512-v2vYOwsTmbfaADJUg+0Vsw61/P5XtdDnjZtImDIC5DePIA/2lT9V+00nR5GsKfwc40WQ02tFlN+xoFt9cx+P7A==",
      "dev": true
    },
    "@dashincubator/secp256k1": {
      "version": "1.7.1-1",
      "resolved": "https://registry.npmjs.org/@dashincubator/secp256k1/-/secp256k1-1.7.1-1.tgz",
      "integrity": "sha512-zkCfHPiIBWkSHojMEVBGNi9y9vX0NHGxkwO5zdZVlhbiqpWGOPbFRbUIwbEFdlnx4tS2x8w8InNzl36qVYWsGg==",
      "dev": true
    }
  }
}
